// !$*UTF8*$!
{
	archiveVersion = 1;
	classes = {
	};
	objectVersion = 56;
	objects = {

/* Begin PBXBuildFile section */
		B64FB1332BDA395100E7DE22 /* GFButton.swift in Sources */ = {isa = PBXBuildFile; fileRef = B64FB1322BDA395100E7DE22 /* GFButton.swift */; };
		B64FB1352BDA3FF000E7DE22 /* GFTextField.swift in Sources */ = {isa = PBXBuildFile; fileRef = B64FB1342BDA3FF000E7DE22 /* GFTextField.swift */; };
		B64FB1372BDA5F0300E7DE22 /* FollowerListVC.swift in Sources */ = {isa = PBXBuildFile; fileRef = B64FB1362BDA5F0300E7DE22 /* FollowerListVC.swift */; };
		B64FB1392BDF927100E7DE22 /* GFTitleLabel.swift in Sources */ = {isa = PBXBuildFile; fileRef = B64FB1382BDF927100E7DE22 /* GFTitleLabel.swift */; };
		B64FB13B2BDFA06A00E7DE22 /* GFBodyLabel.swift in Sources */ = {isa = PBXBuildFile; fileRef = B64FB13A2BDFA06A00E7DE22 /* GFBodyLabel.swift */; };
		B64FB13D2BDFA23300E7DE22 /* GFAlertVC.swift in Sources */ = {isa = PBXBuildFile; fileRef = B64FB13C2BDFA23300E7DE22 /* GFAlertVC.swift */; };
		B64FB13F2BDFAC4600E7DE22 /* UIViewController+Ext.swift in Sources */ = {isa = PBXBuildFile; fileRef = B64FB13E2BDFAC4600E7DE22 /* UIViewController+Ext.swift */; };
		B654B12B2BE393C200072EF1 /* UIHelper.swift in Sources */ = {isa = PBXBuildFile; fileRef = B654B12A2BE393C200072EF1 /* UIHelper.swift */; };
		B654B1332BE5271600072EF1 /* GFEmptyStateView.swift in Sources */ = {isa = PBXBuildFile; fileRef = B654B1322BE5271600072EF1 /* GFEmptyStateView.swift */; };
		B654B1352BEA136E00072EF1 /* UserInfoVC.swift in Sources */ = {isa = PBXBuildFile; fileRef = B654B1342BEA136E00072EF1 /* UserInfoVC.swift */; };
		B654B1372BEB58D400072EF1 /* GFError.swift in Sources */ = {isa = PBXBuildFile; fileRef = B654B1362BEB58D400072EF1 /* GFError.swift */; };
		B654B1392BEB5C0A00072EF1 /* GFUserInfoHeaderVC.swift in Sources */ = {isa = PBXBuildFile; fileRef = B654B1382BEB5C0A00072EF1 /* GFUserInfoHeaderVC.swift */; };
		B654B13B2BEB5C9800072EF1 /* GFSecondaryTitleLabel.swift in Sources */ = {isa = PBXBuildFile; fileRef = B654B13A2BEB5C9800072EF1 /* GFSecondaryTitleLabel.swift */; };
		B654B13D2BEB67AB00072EF1 /* Constants.swift in Sources */ = {isa = PBXBuildFile; fileRef = B654B13C2BEB67AB00072EF1 /* Constants.swift */; };
		B654B13F2BECB15800072EF1 /* GFItemInfoView.swift in Sources */ = {isa = PBXBuildFile; fileRef = B654B13E2BECB15800072EF1 /* GFItemInfoView.swift */; };
		B654B1412BECBA6400072EF1 /* GFItemInfoVC.swift in Sources */ = {isa = PBXBuildFile; fileRef = B654B1402BECBA6400072EF1 /* GFItemInfoVC.swift */; };
		B654B1432BF242A800072EF1 /* GFRepoItemVC.swift in Sources */ = {isa = PBXBuildFile; fileRef = B654B1422BF242A800072EF1 /* GFRepoItemVC.swift */; };
		B654B1452BF2465200072EF1 /* GFFollowerItemVC.swift in Sources */ = {isa = PBXBuildFile; fileRef = B654B1442BF2465200072EF1 /* GFFollowerItemVC.swift */; };
		B654B1482BF34D2B00072EF1 /* Date+Ext.swift in Sources */ = {isa = PBXBuildFile; fileRef = B654B1472BF34D2B00072EF1 /* Date+Ext.swift */; };
		B654B14A2BF34D8700072EF1 /* String+Ext.swift in Sources */ = {isa = PBXBuildFile; fileRef = B654B1492BF34D8700072EF1 /* String+Ext.swift */; };
		B6689EBB2BD8F8A500BDAA2D /* AppDelegate.swift in Sources */ = {isa = PBXBuildFile; fileRef = B6689EBA2BD8F8A500BDAA2D /* AppDelegate.swift */; };
		B6689EBD2BD8F8A500BDAA2D /* SceneDelegate.swift in Sources */ = {isa = PBXBuildFile; fileRef = B6689EBC2BD8F8A500BDAA2D /* SceneDelegate.swift */; };
		B6689EC42BD8F8A700BDAA2D /* Assets.xcassets in Resources */ = {isa = PBXBuildFile; fileRef = B6689EC32BD8F8A700BDAA2D /* Assets.xcassets */; };
		B6689EC72BD8F8A700BDAA2D /* LaunchScreen.storyboard in Resources */ = {isa = PBXBuildFile; fileRef = B6689EC52BD8F8A700BDAA2D /* LaunchScreen.storyboard */; };
		B6689ED02BD8FDF400BDAA2D /* SnapKit in Frameworks */ = {isa = PBXBuildFile; productRef = B6689ECF2BD8FDF400BDAA2D /* SnapKit */; };
		B6689ED22BD8FDF400BDAA2D /* SnapKit-Dynamic in Frameworks */ = {isa = PBXBuildFile; productRef = B6689ED12BD8FDF400BDAA2D /* SnapKit-Dynamic */; };
		B6689ED42BD91F4B00BDAA2D /* SearchVC.swift in Sources */ = {isa = PBXBuildFile; fileRef = B6689ED32BD91F4B00BDAA2D /* SearchVC.swift */; };
		B6689ED62BD91F9900BDAA2D /* FavoritesListVC.swift in Sources */ = {isa = PBXBuildFile; fileRef = B6689ED52BD91F9900BDAA2D /* FavoritesListVC.swift */; };
		B68F04702BDFD6C2001CE147 /* Follower.swift in Sources */ = {isa = PBXBuildFile; fileRef = B68F046F2BDFD6C2001CE147 /* Follower.swift */; };
		B68F04722BDFD800001CE147 /* User.swift in Sources */ = {isa = PBXBuildFile; fileRef = B68F04712BDFD800001CE147 /* User.swift */; };
		B68F04752BE0EDA3001CE147 /* NetworkManager.swift in Sources */ = {isa = PBXBuildFile; fileRef = B68F04742BE0EDA3001CE147 /* NetworkManager.swift */; };
		B68F047B2BE1298E001CE147 /* FollowerCell.swift in Sources */ = {isa = PBXBuildFile; fileRef = B68F047A2BE1298E001CE147 /* FollowerCell.swift */; };
		B68F047D2BE12A74001CE147 /* GFAvatarImageView.swift in Sources */ = {isa = PBXBuildFile; fileRef = B68F047C2BE12A74001CE147 /* GFAvatarImageView.swift */; };
/* End PBXBuildFile section */

/* Begin PBXFileReference section */
		B64FB1322BDA395100E7DE22 /* GFButton.swift */ = {isa = PBXFileReference; lastKnownFileType = sourcecode.swift; path = GFButton.swift; sourceTree = "<group>"; };
		B64FB1342BDA3FF000E7DE22 /* GFTextField.swift */ = {isa = PBXFileReference; lastKnownFileType = sourcecode.swift; path = GFTextField.swift; sourceTree = "<group>"; };
		B64FB1362BDA5F0300E7DE22 /* FollowerListVC.swift */ = {isa = PBXFileReference; lastKnownFileType = sourcecode.swift; path = FollowerListVC.swift; sourceTree = "<group>"; };
		B64FB1382BDF927100E7DE22 /* GFTitleLabel.swift */ = {isa = PBXFileReference; lastKnownFileType = sourcecode.swift; path = GFTitleLabel.swift; sourceTree = "<group>"; };
		B64FB13A2BDFA06A00E7DE22 /* GFBodyLabel.swift */ = {isa = PBXFileReference; lastKnownFileType = sourcecode.swift; path = GFBodyLabel.swift; sourceTree = "<group>"; };
		B64FB13C2BDFA23300E7DE22 /* GFAlertVC.swift */ = {isa = PBXFileReference; lastKnownFileType = sourcecode.swift; path = GFAlertVC.swift; sourceTree = "<group>"; };
		B64FB13E2BDFAC4600E7DE22 /* UIViewController+Ext.swift */ = {isa = PBXFileReference; lastKnownFileType = sourcecode.swift; path = "UIViewController+Ext.swift"; sourceTree = "<group>"; };
		B654B12A2BE393C200072EF1 /* UIHelper.swift */ = {isa = PBXFileReference; lastKnownFileType = sourcecode.swift; path = UIHelper.swift; sourceTree = "<group>"; };
		B654B1322BE5271600072EF1 /* GFEmptyStateView.swift */ = {isa = PBXFileReference; lastKnownFileType = sourcecode.swift; path = GFEmptyStateView.swift; sourceTree = "<group>"; };
		B654B1342BEA136E00072EF1 /* UserInfoVC.swift */ = {isa = PBXFileReference; lastKnownFileType = sourcecode.swift; path = UserInfoVC.swift; sourceTree = "<group>"; };
		B654B1362BEB58D400072EF1 /* GFError.swift */ = {isa = PBXFileReference; lastKnownFileType = sourcecode.swift; path = GFError.swift; sourceTree = "<group>"; };
		B654B1382BEB5C0A00072EF1 /* GFUserInfoHeaderVC.swift */ = {isa = PBXFileReference; lastKnownFileType = sourcecode.swift; path = GFUserInfoHeaderVC.swift; sourceTree = "<group>"; };
		B654B13A2BEB5C9800072EF1 /* GFSecondaryTitleLabel.swift */ = {isa = PBXFileReference; lastKnownFileType = sourcecode.swift; path = GFSecondaryTitleLabel.swift; sourceTree = "<group>"; };
		B654B13C2BEB67AB00072EF1 /* Constants.swift */ = {isa = PBXFileReference; lastKnownFileType = sourcecode.swift; path = Constants.swift; sourceTree = "<group>"; };
		B654B13E2BECB15800072EF1 /* GFItemInfoView.swift */ = {isa = PBXFileReference; lastKnownFileType = sourcecode.swift; path = GFItemInfoView.swift; sourceTree = "<group>"; };
		B654B1402BECBA6400072EF1 /* GFItemInfoVC.swift */ = {isa = PBXFileReference; lastKnownFileType = sourcecode.swift; path = GFItemInfoVC.swift; sourceTree = "<group>"; };
		B654B1422BF242A800072EF1 /* GFRepoItemVC.swift */ = {isa = PBXFileReference; lastKnownFileType = sourcecode.swift; path = GFRepoItemVC.swift; sourceTree = "<group>"; };
		B654B1442BF2465200072EF1 /* GFFollowerItemVC.swift */ = {isa = PBXFileReference; lastKnownFileType = sourcecode.swift; path = GFFollowerItemVC.swift; sourceTree = "<group>"; };
		B654B1472BF34D2B00072EF1 /* Date+Ext.swift */ = {isa = PBXFileReference; lastKnownFileType = sourcecode.swift; path = "Date+Ext.swift"; sourceTree = "<group>"; };
		B654B1492BF34D8700072EF1 /* String+Ext.swift */ = {isa = PBXFileReference; lastKnownFileType = sourcecode.swift; path = "String+Ext.swift"; sourceTree = "<group>"; };
		B6689EB72BD8F8A500BDAA2D /* GitHubFollowers.app */ = {isa = PBXFileReference; explicitFileType = wrapper.application; includeInIndex = 0; path = GitHubFollowers.app; sourceTree = BUILT_PRODUCTS_DIR; };
		B6689EBA2BD8F8A500BDAA2D /* AppDelegate.swift */ = {isa = PBXFileReference; lastKnownFileType = sourcecode.swift; path = AppDelegate.swift; sourceTree = "<group>"; };
		B6689EBC2BD8F8A500BDAA2D /* SceneDelegate.swift */ = {isa = PBXFileReference; lastKnownFileType = sourcecode.swift; path = SceneDelegate.swift; sourceTree = "<group>"; };
		B6689EC32BD8F8A700BDAA2D /* Assets.xcassets */ = {isa = PBXFileReference; lastKnownFileType = folder.assetcatalog; path = Assets.xcassets; sourceTree = "<group>"; };
		B6689EC62BD8F8A700BDAA2D /* Base */ = {isa = PBXFileReference; lastKnownFileType = file.storyboard; name = Base; path = Base.lproj/LaunchScreen.storyboard; sourceTree = "<group>"; };
		B6689EC82BD8F8A700BDAA2D /* Info.plist */ = {isa = PBXFileReference; lastKnownFileType = text.plist.xml; path = Info.plist; sourceTree = "<group>"; };
		B6689ED32BD91F4B00BDAA2D /* SearchVC.swift */ = {isa = PBXFileReference; lastKnownFileType = sourcecode.swift; path = SearchVC.swift; sourceTree = "<group>"; };
		B6689ED52BD91F9900BDAA2D /* FavoritesListVC.swift */ = {isa = PBXFileReference; lastKnownFileType = sourcecode.swift; path = FavoritesListVC.swift; sourceTree = "<group>"; };
		B68F046F2BDFD6C2001CE147 /* Follower.swift */ = {isa = PBXFileReference; lastKnownFileType = sourcecode.swift; path = Follower.swift; sourceTree = "<group>"; };
		B68F04712BDFD800001CE147 /* User.swift */ = {isa = PBXFileReference; lastKnownFileType = sourcecode.swift; path = User.swift; sourceTree = "<group>"; };
		B68F04742BE0EDA3001CE147 /* NetworkManager.swift */ = {isa = PBXFileReference; lastKnownFileType = sourcecode.swift; path = NetworkManager.swift; sourceTree = "<group>"; };
		B68F047A2BE1298E001CE147 /* FollowerCell.swift */ = {isa = PBXFileReference; lastKnownFileType = sourcecode.swift; path = FollowerCell.swift; sourceTree = "<group>"; };
		B68F047C2BE12A74001CE147 /* GFAvatarImageView.swift */ = {isa = PBXFileReference; lastKnownFileType = sourcecode.swift; path = GFAvatarImageView.swift; sourceTree = "<group>"; };
/* End PBXFileReference section */

/* Begin PBXFrameworksBuildPhase section */
		B6689EB42BD8F8A500BDAA2D /* Frameworks */ = {
			isa = PBXFrameworksBuildPhase;
			buildActionMask = 2147483647;
			files = (
				B6689ED02BD8FDF400BDAA2D /* SnapKit in Frameworks */,
				B6689ED22BD8FDF400BDAA2D /* SnapKit-Dynamic in Frameworks */,
			);
			runOnlyForDeploymentPostprocessing = 0;
		};
/* End PBXFrameworksBuildPhase section */

/* Begin PBXGroup section */
		B654B12C2BE5265000072EF1 /* Views */ = {
			isa = PBXGroup;
			children = (
				B654B1322BE5271600072EF1 /* GFEmptyStateView.swift */,
				B654B13E2BECB15800072EF1 /* GFItemInfoView.swift */,
			);
			path = Views;
			sourceTree = "<group>";
		};
		B654B12D2BE5265F00072EF1 /* Buttons */ = {
			isa = PBXGroup;
			children = (
				B64FB1322BDA395100E7DE22 /* GFButton.swift */,
			);
			path = Buttons;
			sourceTree = "<group>";
		};
		B654B12E2BE5266700072EF1 /* TextFields */ = {
			isa = PBXGroup;
			children = (
				B64FB1342BDA3FF000E7DE22 /* GFTextField.swift */,
			);
			path = TextFields;
			sourceTree = "<group>";
		};
		B654B12F2BE5267000072EF1 /* ViewControllers */ = {
			isa = PBXGroup;
			children = (
				B654B1462BF2474A00072EF1 /* ItemInfoVCs */,
				B64FB13C2BDFA23300E7DE22 /* GFAlertVC.swift */,
				B654B1382BEB5C0A00072EF1 /* GFUserInfoHeaderVC.swift */,
			);
			path = ViewControllers;
			sourceTree = "<group>";
		};
		B654B1302BE5269B00072EF1 /* Labels */ = {
			isa = PBXGroup;
			children = (
				B64FB13A2BDFA06A00E7DE22 /* GFBodyLabel.swift */,
				B64FB1382BDF927100E7DE22 /* GFTitleLabel.swift */,
				B654B13A2BEB5C9800072EF1 /* GFSecondaryTitleLabel.swift */,
			);
			path = Labels;
			sourceTree = "<group>";
		};
		B654B1312BE526B500072EF1 /* ImageViews */ = {
			isa = PBXGroup;
			children = (
				B68F047C2BE12A74001CE147 /* GFAvatarImageView.swift */,
			);
			path = ImageViews;
			sourceTree = "<group>";
		};
		B654B1462BF2474A00072EF1 /* ItemInfoVCs */ = {
			isa = PBXGroup;
			children = (
				B654B1402BECBA6400072EF1 /* GFItemInfoVC.swift */,
				B654B1422BF242A800072EF1 /* GFRepoItemVC.swift */,
				B654B1442BF2465200072EF1 /* GFFollowerItemVC.swift */,
			);
			path = ItemInfoVCs;
			sourceTree = "<group>";
		};
		B6689EAE2BD8F8A500BDAA2D = {
			isa = PBXGroup;
			children = (
				B6689EB92BD8F8A500BDAA2D /* GitHubFollowers */,
				B6689EB82BD8F8A500BDAA2D /* Products */,
			);
			sourceTree = "<group>";
		};
		B6689EB82BD8F8A500BDAA2D /* Products */ = {
			isa = PBXGroup;
			children = (
				B6689EB72BD8F8A500BDAA2D /* GitHubFollowers.app */,
			);
			name = Products;
			sourceTree = "<group>";
		};
		B6689EB92BD8F8A500BDAA2D /* GitHubFollowers */ = {
			isa = PBXGroup;
			children = (
				B68F04762BE11689001CE147 /* Utilities */,
				B68F04732BE0ED8D001CE147 /* Managers */,
				B68F046E2BDFD682001CE147 /* Model */,
				B68F046D2BDFD264001CE147 /* Support */,
				B68F046C2BDFD0EA001CE147 /* Extension */,
				B68F046B2BDFD094001CE147 /* Custom Views */,
				B68F046A2BDFCF04001CE147 /* Screens */,
				B6689EC82BD8F8A700BDAA2D /* Info.plist */,
			);
			path = GitHubFollowers;
			sourceTree = "<group>";
		};
		B68F046A2BDFCF04001CE147 /* Screens */ = {
			isa = PBXGroup;
			children = (
				B6689ED32BD91F4B00BDAA2D /* SearchVC.swift */,
				B6689ED52BD91F9900BDAA2D /* FavoritesListVC.swift */,
				B64FB1362BDA5F0300E7DE22 /* FollowerListVC.swift */,
				B654B1342BEA136E00072EF1 /* UserInfoVC.swift */,
			);
			path = Screens;
			sourceTree = "<group>";
		};
		B68F046B2BDFD094001CE147 /* Custom Views */ = {
			isa = PBXGroup;
			children = (
				B654B1312BE526B500072EF1 /* ImageViews */,
				B654B1302BE5269B00072EF1 /* Labels */,
				B654B12F2BE5267000072EF1 /* ViewControllers */,
				B654B12E2BE5266700072EF1 /* TextFields */,
				B654B12D2BE5265F00072EF1 /* Buttons */,
				B654B12C2BE5265000072EF1 /* Views */,
				B68F04792BE1294D001CE147 /* Cells */,
			);
			path = "Custom Views";
			sourceTree = "<group>";
		};
		B68F046C2BDFD0EA001CE147 /* Extension */ = {
			isa = PBXGroup;
			children = (
				B64FB13E2BDFAC4600E7DE22 /* UIViewController+Ext.swift */,
				B654B1472BF34D2B00072EF1 /* Date+Ext.swift */,
				B654B1492BF34D8700072EF1 /* String+Ext.swift */,
			);
			path = Extension;
			sourceTree = "<group>";
		};
		B68F046D2BDFD264001CE147 /* Support */ = {
			isa = PBXGroup;
			children = (
				B6689EBA2BD8F8A500BDAA2D /* AppDelegate.swift */,
				B6689EBC2BD8F8A500BDAA2D /* SceneDelegate.swift */,
				B6689EC32BD8F8A700BDAA2D /* Assets.xcassets */,
				B6689EC52BD8F8A700BDAA2D /* LaunchScreen.storyboard */,
			);
			path = Support;
			sourceTree = "<group>";
		};
		B68F046E2BDFD682001CE147 /* Model */ = {
			isa = PBXGroup;
			children = (
				B68F046F2BDFD6C2001CE147 /* Follower.swift */,
				B68F04712BDFD800001CE147 /* User.swift */,
			);
			path = Model;
			sourceTree = "<group>";
		};
		B68F04732BE0ED8D001CE147 /* Managers */ = {
			isa = PBXGroup;
			children = (
				B68F04742BE0EDA3001CE147 /* NetworkManager.swift */,
			);
			path = Managers;
			sourceTree = "<group>";
		};
		B68F04762BE11689001CE147 /* Utilities */ = {
			isa = PBXGroup;
			children = (
				B654B12A2BE393C200072EF1 /* UIHelper.swift */,
				B654B1362BEB58D400072EF1 /* GFError.swift */,
				B654B13C2BEB67AB00072EF1 /* Constants.swift */,
			);
			path = Utilities;
			sourceTree = "<group>";
		};
		B68F04792BE1294D001CE147 /* Cells */ = {
			isa = PBXGroup;
			children = (
				B68F047A2BE1298E001CE147 /* FollowerCell.swift */,
			);
			path = Cells;
			sourceTree = "<group>";
		};
/* End PBXGroup section */

/* Begin PBXNativeTarget section */
		B6689EB62BD8F8A500BDAA2D /* GitHubFollowers */ = {
			isa = PBXNativeTarget;
			buildConfigurationList = B6689ECB2BD8F8A700BDAA2D /* Build configuration list for PBXNativeTarget "GitHubFollowers" */;
			buildPhases = (
				B6689EB32BD8F8A500BDAA2D /* Sources */,
				B6689EB42BD8F8A500BDAA2D /* Frameworks */,
				B6689EB52BD8F8A500BDAA2D /* Resources */,
			);
			buildRules = (
			);
			dependencies = (
			);
			name = GitHubFollowers;
			packageProductDependencies = (
				B6689ECF2BD8FDF400BDAA2D /* SnapKit */,
				B6689ED12BD8FDF400BDAA2D /* SnapKit-Dynamic */,
			);
			productName = GitHubFollowers;
			productReference = B6689EB72BD8F8A500BDAA2D /* GitHubFollowers.app */;
			productType = "com.apple.product-type.application";
		};
/* End PBXNativeTarget section */

/* Begin PBXProject section */
		B6689EAF2BD8F8A500BDAA2D /* Project object */ = {
			isa = PBXProject;
			attributes = {
				BuildIndependentTargetsInParallel = 1;
				LastSwiftUpdateCheck = 1520;
				LastUpgradeCheck = 1520;
				TargetAttributes = {
					B6689EB62BD8F8A500BDAA2D = {
						CreatedOnToolsVersion = 15.2;
					};
				};
			};
			buildConfigurationList = B6689EB22BD8F8A500BDAA2D /* Build configuration list for PBXProject "GitHubFollowers" */;
			compatibilityVersion = "Xcode 14.0";
			developmentRegion = en;
			hasScannedForEncodings = 0;
			knownRegions = (
				en,
				Base,
			);
			mainGroup = B6689EAE2BD8F8A500BDAA2D;
			packageReferences = (
				B6689ECE2BD8FDF400BDAA2D /* XCRemoteSwiftPackageReference "SnapKit" */,
			);
			productRefGroup = B6689EB82BD8F8A500BDAA2D /* Products */;
			projectDirPath = "";
			projectRoot = "";
			targets = (
				B6689EB62BD8F8A500BDAA2D /* GitHubFollowers */,
			);
		};
/* End PBXProject section */

/* Begin PBXResourcesBuildPhase section */
		B6689EB52BD8F8A500BDAA2D /* Resources */ = {
			isa = PBXResourcesBuildPhase;
			buildActionMask = 2147483647;
			files = (
				B6689EC72BD8F8A700BDAA2D /* LaunchScreen.storyboard in Resources */,
				B6689EC42BD8F8A700BDAA2D /* Assets.xcassets in Resources */,
			);
			runOnlyForDeploymentPostprocessing = 0;
		};
/* End PBXResourcesBuildPhase section */

/* Begin PBXSourcesBuildPhase section */
		B6689EB32BD8F8A500BDAA2D /* Sources */ = {
			isa = PBXSourcesBuildPhase;
			buildActionMask = 2147483647;
			files = (
				B68F04722BDFD800001CE147 /* User.swift in Sources */,
				B64FB1352BDA3FF000E7DE22 /* GFTextField.swift in Sources */,
				B6689ED62BD91F9900BDAA2D /* FavoritesListVC.swift in Sources */,
				B654B14A2BF34D8700072EF1 /* String+Ext.swift in Sources */,
				B64FB1332BDA395100E7DE22 /* GFButton.swift in Sources */,
				B64FB13F2BDFAC4600E7DE22 /* UIViewController+Ext.swift in Sources */,
				B654B12B2BE393C200072EF1 /* UIHelper.swift in Sources */,
				B654B1412BECBA6400072EF1 /* GFItemInfoVC.swift in Sources */,
				B654B13D2BEB67AB00072EF1 /* Constants.swift in Sources */,
				B68F047D2BE12A74001CE147 /* GFAvatarImageView.swift in Sources */,
				B6689ED42BD91F4B00BDAA2D /* SearchVC.swift in Sources */,
				B64FB13D2BDFA23300E7DE22 /* GFAlertVC.swift in Sources */,
				B654B1452BF2465200072EF1 /* GFFollowerItemVC.swift in Sources */,
				B654B13F2BECB15800072EF1 /* GFItemInfoView.swift in Sources */,
				B68F047B2BE1298E001CE147 /* FollowerCell.swift in Sources */,
				B64FB13B2BDFA06A00E7DE22 /* GFBodyLabel.swift in Sources */,
				B654B1392BEB5C0A00072EF1 /* GFUserInfoHeaderVC.swift in Sources */,
				B654B1372BEB58D400072EF1 /* GFError.swift in Sources */,
				B68F04702BDFD6C2001CE147 /* Follower.swift in Sources */,
				B64FB1392BDF927100E7DE22 /* GFTitleLabel.swift in Sources */,
				B654B1482BF34D2B00072EF1 /* Date+Ext.swift in Sources */,
				B654B13B2BEB5C9800072EF1 /* GFSecondaryTitleLabel.swift in Sources */,
				B654B1332BE5271600072EF1 /* GFEmptyStateView.swift in Sources */,
				B68F04752BE0EDA3001CE147 /* NetworkManager.swift in Sources */,
				B64FB1372BDA5F0300E7DE22 /* FollowerListVC.swift in Sources */,
				B6689EBB2BD8F8A500BDAA2D /* AppDelegate.swift in Sources */,
				B6689EBD2BD8F8A500BDAA2D /* SceneDelegate.swift in Sources */,
				B654B1432BF242A800072EF1 /* GFRepoItemVC.swift in Sources */,
				B654B1352BEA136E00072EF1 /* UserInfoVC.swift in Sources */,
			);
			runOnlyForDeploymentPostprocessing = 0;
		};
/* End PBXSourcesBuildPhase section */

/* Begin PBXVariantGroup section */
		B6689EC52BD8F8A700BDAA2D /* LaunchScreen.storyboard */ = {
			isa = PBXVariantGroup;
			children = (
				B6689EC62BD8F8A700BDAA2D /* Base */,
			);
			name = LaunchScreen.storyboard;
			sourceTree = "<group>";
		};
/* End PBXVariantGroup section */

/* Begin XCBuildConfiguration section */
		B6689EC92BD8F8A700BDAA2D /* Debug */ = {
			isa = XCBuildConfiguration;
			buildSettings = {
				ALWAYS_SEARCH_USER_PATHS = NO;
				ASSETCATALOG_COMPILER_GENERATE_SWIFT_ASSET_SYMBOL_EXTENSIONS = YES;
				CLANG_ANALYZER_NONNULL = YES;
				CLANG_ANALYZER_NUMBER_OBJECT_CONVERSION = YES_AGGRESSIVE;
				CLANG_CXX_LANGUAGE_STANDARD = "gnu++20";
				CLANG_ENABLE_MODULES = YES;
				CLANG_ENABLE_OBJC_ARC = YES;
				CLANG_ENABLE_OBJC_WEAK = YES;
				CLANG_WARN_BLOCK_CAPTURE_AUTORELEASING = YES;
				CLANG_WARN_BOOL_CONVERSION = YES;
				CLANG_WARN_COMMA = YES;
				CLANG_WARN_CONSTANT_CONVERSION = YES;
				CLANG_WARN_DEPRECATED_OBJC_IMPLEMENTATIONS = YES;
				CLANG_WARN_DIRECT_OBJC_ISA_USAGE = YES_ERROR;
				CLANG_WARN_DOCUMENTATION_COMMENTS = YES;
				CLANG_WARN_EMPTY_BODY = YES;
				CLANG_WARN_ENUM_CONVERSION = YES;
				CLANG_WARN_INFINITE_RECURSION = YES;
				CLANG_WARN_INT_CONVERSION = YES;
				CLANG_WARN_NON_LITERAL_NULL_CONVERSION = YES;
				CLANG_WARN_OBJC_IMPLICIT_RETAIN_SELF = YES;
				CLANG_WARN_OBJC_LITERAL_CONVERSION = YES;
				CLANG_WARN_OBJC_ROOT_CLASS = YES_ERROR;
				CLANG_WARN_QUOTED_INCLUDE_IN_FRAMEWORK_HEADER = YES;
				CLANG_WARN_RANGE_LOOP_ANALYSIS = YES;
				CLANG_WARN_STRICT_PROTOTYPES = YES;
				CLANG_WARN_SUSPICIOUS_MOVE = YES;
				CLANG_WARN_UNGUARDED_AVAILABILITY = YES_AGGRESSIVE;
				CLANG_WARN_UNREACHABLE_CODE = YES;
				CLANG_WARN__DUPLICATE_METHOD_MATCH = YES;
				COPY_PHASE_STRIP = NO;
				DEBUG_INFORMATION_FORMAT = dwarf;
				ENABLE_STRICT_OBJC_MSGSEND = YES;
				ENABLE_TESTABILITY = YES;
				ENABLE_USER_SCRIPT_SANDBOXING = YES;
				GCC_C_LANGUAGE_STANDARD = gnu17;
				GCC_DYNAMIC_NO_PIC = NO;
				GCC_NO_COMMON_BLOCKS = YES;
				GCC_OPTIMIZATION_LEVEL = 0;
				GCC_PREPROCESSOR_DEFINITIONS = (
					"DEBUG=1",
					"$(inherited)",
				);
				GCC_WARN_64_TO_32_BIT_CONVERSION = YES;
				GCC_WARN_ABOUT_RETURN_TYPE = YES_ERROR;
				GCC_WARN_UNDECLARED_SELECTOR = YES;
				GCC_WARN_UNINITIALIZED_AUTOS = YES_AGGRESSIVE;
				GCC_WARN_UNUSED_FUNCTION = YES;
				GCC_WARN_UNUSED_VARIABLE = YES;
				IPHONEOS_DEPLOYMENT_TARGET = 17.2;
				LOCALIZATION_PREFERS_STRING_CATALOGS = YES;
				MTL_ENABLE_DEBUG_INFO = INCLUDE_SOURCE;
				MTL_FAST_MATH = YES;
				ONLY_ACTIVE_ARCH = YES;
				SDKROOT = iphoneos;
				SWIFT_ACTIVE_COMPILATION_CONDITIONS = "DEBUG $(inherited)";
				SWIFT_OPTIMIZATION_LEVEL = "-Onone";
			};
			name = Debug;
		};
		B6689ECA2BD8F8A700BDAA2D /* Release */ = {
			isa = XCBuildConfiguration;
			buildSettings = {
				ALWAYS_SEARCH_USER_PATHS = NO;
				ASSETCATALOG_COMPILER_GENERATE_SWIFT_ASSET_SYMBOL_EXTENSIONS = YES;
				CLANG_ANALYZER_NONNULL = YES;
				CLANG_ANALYZER_NUMBER_OBJECT_CONVERSION = YES_AGGRESSIVE;
				CLANG_CXX_LANGUAGE_STANDARD = "gnu++20";
				CLANG_ENABLE_MODULES = YES;
				CLANG_ENABLE_OBJC_ARC = YES;
				CLANG_ENABLE_OBJC_WEAK = YES;
				CLANG_WARN_BLOCK_CAPTURE_AUTORELEASING = YES;
				CLANG_WARN_BOOL_CONVERSION = YES;
				CLANG_WARN_COMMA = YES;
				CLANG_WARN_CONSTANT_CONVERSION = YES;
				CLANG_WARN_DEPRECATED_OBJC_IMPLEMENTATIONS = YES;
				CLANG_WARN_DIRECT_OBJC_ISA_USAGE = YES_ERROR;
				CLANG_WARN_DOCUMENTATION_COMMENTS = YES;
				CLANG_WARN_EMPTY_BODY = YES;
				CLANG_WARN_ENUM_CONVERSION = YES;
				CLANG_WARN_INFINITE_RECURSION = YES;
				CLANG_WARN_INT_CONVERSION = YES;
				CLANG_WARN_NON_LITERAL_NULL_CONVERSION = YES;
				CLANG_WARN_OBJC_IMPLICIT_RETAIN_SELF = YES;
				CLANG_WARN_OBJC_LITERAL_CONVERSION = YES;
				CLANG_WARN_OBJC_ROOT_CLASS = YES_ERROR;
				CLANG_WARN_QUOTED_INCLUDE_IN_FRAMEWORK_HEADER = YES;
				CLANG_WARN_RANGE_LOOP_ANALYSIS = YES;
				CLANG_WARN_STRICT_PROTOTYPES = YES;
				CLANG_WARN_SUSPICIOUS_MOVE = YES;
				CLANG_WARN_UNGUARDED_AVAILABILITY = YES_AGGRESSIVE;
				CLANG_WARN_UNREACHABLE_CODE = YES;
				CLANG_WARN__DUPLICATE_METHOD_MATCH = YES;
				COPY_PHASE_STRIP = NO;
				DEBUG_INFORMATION_FORMAT = "dwarf-with-dsym";
				ENABLE_NS_ASSERTIONS = NO;
				ENABLE_STRICT_OBJC_MSGSEND = YES;
				ENABLE_USER_SCRIPT_SANDBOXING = YES;
				GCC_C_LANGUAGE_STANDARD = gnu17;
				GCC_NO_COMMON_BLOCKS = YES;
				GCC_WARN_64_TO_32_BIT_CONVERSION = YES;
				GCC_WARN_ABOUT_RETURN_TYPE = YES_ERROR;
				GCC_WARN_UNDECLARED_SELECTOR = YES;
				GCC_WARN_UNINITIALIZED_AUTOS = YES_AGGRESSIVE;
				GCC_WARN_UNUSED_FUNCTION = YES;
				GCC_WARN_UNUSED_VARIABLE = YES;
				IPHONEOS_DEPLOYMENT_TARGET = 17.2;
				LOCALIZATION_PREFERS_STRING_CATALOGS = YES;
				MTL_ENABLE_DEBUG_INFO = NO;
				MTL_FAST_MATH = YES;
				SDKROOT = iphoneos;
				SWIFT_COMPILATION_MODE = wholemodule;
				VALIDATE_PRODUCT = YES;
			};
			name = Release;
		};
		B6689ECC2BD8F8A700BDAA2D /* Debug */ = {
			isa = XCBuildConfiguration;
			buildSettings = {
				ASSETCATALOG_COMPILER_APPICON_NAME = AppIcon;
				ASSETCATALOG_COMPILER_GLOBAL_ACCENT_COLOR_NAME = AccentColor;
				CODE_SIGN_STYLE = Automatic;
				CURRENT_PROJECT_VERSION = 1;
				DEVELOPMENT_TEAM = WGU4GPRJ22;
				GENERATE_INFOPLIST_FILE = YES;
				INFOPLIST_FILE = GitHubFollowers/Info.plist;
				INFOPLIST_KEY_UIApplicationSupportsIndirectInputEvents = YES;
				INFOPLIST_KEY_UILaunchStoryboardName = LaunchScreen;
				INFOPLIST_KEY_UISupportedInterfaceOrientations = UIInterfaceOrientationPortrait;
				INFOPLIST_KEY_UISupportedInterfaceOrientations_iPad = "UIInterfaceOrientationLandscapeLeft UIInterfaceOrientationLandscapeRight UIInterfaceOrientationPortrait UIInterfaceOrientationPortraitUpsideDown";
				LD_RUNPATH_SEARCH_PATHS = (
					"$(inherited)",
					"@executable_path/Frameworks",
				);
				MARKETING_VERSION = 1.0;
				PRODUCT_BUNDLE_IDENTIFIER = tahaozmn.GitHubFollowers;
				PRODUCT_NAME = "$(TARGET_NAME)";
				SWIFT_EMIT_LOC_STRINGS = YES;
				SWIFT_VERSION = 5.0;
				TARGETED_DEVICE_FAMILY = "1,2";
			};
			name = Debug;
		};
		B6689ECD2BD8F8A700BDAA2D /* Release */ = {
			isa = XCBuildConfiguration;
			buildSettings = {
				ASSETCATALOG_COMPILER_APPICON_NAME = AppIcon;
				ASSETCATALOG_COMPILER_GLOBAL_ACCENT_COLOR_NAME = AccentColor;
				CODE_SIGN_STYLE = Automatic;
				CURRENT_PROJECT_VERSION = 1;
				DEVELOPMENT_TEAM = WGU4GPRJ22;
				GENERATE_INFOPLIST_FILE = YES;
				INFOPLIST_FILE = GitHubFollowers/Info.plist;
				INFOPLIST_KEY_UIApplicationSupportsIndirectInputEvents = YES;
				INFOPLIST_KEY_UILaunchStoryboardName = LaunchScreen;
				INFOPLIST_KEY_UISupportedInterfaceOrientations = UIInterfaceOrientationPortrait;
				INFOPLIST_KEY_UISupportedInterfaceOrientations_iPad = "UIInterfaceOrientationLandscapeLeft UIInterfaceOrientationLandscapeRight UIInterfaceOrientationPortrait UIInterfaceOrientationPortraitUpsideDown";
				LD_RUNPATH_SEARCH_PATHS = (
					"$(inherited)",
					"@executable_path/Frameworks",
				);
				MARKETING_VERSION = 1.0;
				PRODUCT_BUNDLE_IDENTIFIER = tahaozmn.GitHubFollowers;
				PRODUCT_NAME = "$(TARGET_NAME)";
				SWIFT_EMIT_LOC_STRINGS = YES;
				SWIFT_VERSION = 5.0;
				TARGETED_DEVICE_FAMILY = "1,2";
			};
			name = Release;
		};
/* End XCBuildConfiguration section */

/* Begin XCConfigurationList section */
		B6689EB22BD8F8A500BDAA2D /* Build configuration list for PBXProject "GitHubFollowers" */ = {
			isa = XCConfigurationList;
			buildConfigurations = (
				B6689EC92BD8F8A700BDAA2D /* Debug */,
				B6689ECA2BD8F8A700BDAA2D /* Release */,
			);
			defaultConfigurationIsVisible = 0;
			defaultConfigurationName = Release;
		};
		B6689ECB2BD8F8A700BDAA2D /* Build configuration list for PBXNativeTarget "GitHubFollowers" */ = {
			isa = XCConfigurationList;
			buildConfigurations = (
				B6689ECC2BD8F8A700BDAA2D /* Debug */,
				B6689ECD2BD8F8A700BDAA2D /* Release */,
			);
			defaultConfigurationIsVisible = 0;
			defaultConfigurationName = Release;
		};
/* End XCConfigurationList section */

/* Begin XCRemoteSwiftPackageReference section */
		B6689ECE2BD8FDF400BDAA2D /* XCRemoteSwiftPackageReference "SnapKit" */ = {
			isa = XCRemoteSwiftPackageReference;
			repositoryURL = "https://github.com/SnapKit/SnapKit.git";
			requirement = {
				kind = upToNextMajorVersion;
				minimumVersion = 5.7.1;
			};
		};
/* End XCRemoteSwiftPackageReference section */

/* Begin XCSwiftPackageProductDependency section */
		B6689ECF2BD8FDF400BDAA2D /* SnapKit */ = {
			isa = XCSwiftPackageProductDependency;
			package = B6689ECE2BD8FDF400BDAA2D /* XCRemoteSwiftPackageReference "SnapKit" */;
			productName = SnapKit;
		};
		B6689ED12BD8FDF400BDAA2D /* SnapKit-Dynamic */ = {
			isa = XCSwiftPackageProductDependency;
			package = B6689ECE2BD8FDF400BDAA2D /* XCRemoteSwiftPackageReference "SnapKit" */;
			productName = "SnapKit-Dynamic";
		};
/* End XCSwiftPackageProductDependency section */
	};
	rootObject = B6689EAF2BD8F8A500BDAA2D /* Project object */;
}
